<?xml version="1.0" encoding="UTF-8" standalone="yes" ?>
<CodeBlocks_project_file>
   <FileVersion major="1" minor="6" />
   <Project>
      <Option title="persistent-set" />
      <Option makefile_is_custom="1" />
      <Option compiler="gcc" />
      <Option virtualFolders="CMake Files\;" />
      <Build>
      <Target title="all">
         <Option working_dir="/home/karavaevitalii/Education/university-cpp-course/fall-2016/exam/persistent-set/persistent-set/Debug" />
         <Option type="4" />
         <MakeCommands>
            <Build command="/usr/bin/make -f &quot;/home/karavaevitalii/Education/university-cpp-course/fall-2016/exam/persistent-set/persistent-set/Debug/Makefile&quot;  VERBOSE=1 all" />
            <CompileFile command="/usr/bin/make -f &quot;/home/karavaevitalii/Education/university-cpp-course/fall-2016/exam/persistent-set/persistent-set/Debug/Makefile&quot;  VERBOSE=1 &quot;$file&quot;" />
            <Clean command="/usr/bin/make -f &quot;/home/karavaevitalii/Education/university-cpp-course/fall-2016/exam/persistent-set/persistent-set/Debug/Makefile&quot;  VERBOSE=1 clean" />
            <DistClean command="/usr/bin/make -f &quot;/home/karavaevitalii/Education/university-cpp-course/fall-2016/exam/persistent-set/persistent-set/Debug/Makefile&quot;  VERBOSE=1 clean" />
         </MakeCommands>
      </Target>
      <Target title="rebuild_cache">
         <Option working_dir="/home/karavaevitalii/Education/university-cpp-course/fall-2016/exam/persistent-set/persistent-set/Debug" />
         <Option type="4" />
         <MakeCommands>
            <Build command="/usr/bin/make -f &quot;/home/karavaevitalii/Education/university-cpp-course/fall-2016/exam/persistent-set/persistent-set/Debug/Makefile&quot;  VERBOSE=1 rebuild_cache" />
            <CompileFile command="/usr/bin/make -f &quot;/home/karavaevitalii/Education/university-cpp-course/fall-2016/exam/persistent-set/persistent-set/Debug/Makefile&quot;  VERBOSE=1 &quot;$file&quot;" />
            <Clean command="/usr/bin/make -f &quot;/home/karavaevitalii/Education/university-cpp-course/fall-2016/exam/persistent-set/persistent-set/Debug/Makefile&quot;  VERBOSE=1 clean" />
            <DistClean command="/usr/bin/make -f &quot;/home/karavaevitalii/Education/university-cpp-course/fall-2016/exam/persistent-set/persistent-set/Debug/Makefile&quot;  VERBOSE=1 clean" />
         </MakeCommands>
      </Target>
      <Target title="edit_cache">
         <Option working_dir="/home/karavaevitalii/Education/university-cpp-course/fall-2016/exam/persistent-set/persistent-set/Debug" />
         <Option type="4" />
         <MakeCommands>
            <Build command="/usr/bin/make -f &quot;/home/karavaevitalii/Education/university-cpp-course/fall-2016/exam/persistent-set/persistent-set/Debug/Makefile&quot;  VERBOSE=1 edit_cache" />
            <CompileFile command="/usr/bin/make -f &quot;/home/karavaevitalii/Education/university-cpp-course/fall-2016/exam/persistent-set/persistent-set/Debug/Makefile&quot;  VERBOSE=1 &quot;$file&quot;" />
            <Clean command="/usr/bin/make -f &quot;/home/karavaevitalii/Education/university-cpp-course/fall-2016/exam/persistent-set/persistent-set/Debug/Makefile&quot;  VERBOSE=1 clean" />
            <DistClean command="/usr/bin/make -f &quot;/home/karavaevitalii/Education/university-cpp-course/fall-2016/exam/persistent-set/persistent-set/Debug/Makefile&quot;  VERBOSE=1 clean" />
         </MakeCommands>
      </Target>
      <Target title="persistent-set">
         <Option output="/home/karavaevitalii/Education/university-cpp-course/fall-2016/exam/persistent-set/persistent-set/Debug/persistent-set" prefix_auto="0" extension_auto="0" />
         <Option working_dir="/home/karavaevitalii/Education/university-cpp-course/fall-2016/exam/persistent-set/persistent-set/Debug" />
         <Option object_output="./" />
         <Option type="1" />
         <Option compiler="gcc" />
         <Compiler>
            <Add directory="/home/karavaevitalii/Education/university-cpp-course/fall-2016/exam/persistent-set" />
            <Add directory="/usr/include" />
            <Add directory="/usr/include/c++/5" />
            <Add directory="/usr/include/c++/5/backward" />
            <Add directory="/usr/include/x86_64-linux-gnu" />
            <Add directory="/usr/include/x86_64-linux-gnu/c++/5" />
            <Add directory="/usr/lib/gcc/x86_64-linux-gnu/5/include" />
            <Add directory="/usr/lib/gcc/x86_64-linux-gnu/5/include-fixed" />
            <Add directory="/usr/local/include" />
         </Compiler>
         <MakeCommands>
            <Build command="/usr/bin/make -f &quot;/home/karavaevitalii/Education/university-cpp-course/fall-2016/exam/persistent-set/persistent-set/Debug/Makefile&quot;  VERBOSE=1 persistent-set" />
            <CompileFile command="/usr/bin/make -f &quot;/home/karavaevitalii/Education/university-cpp-course/fall-2016/exam/persistent-set/persistent-set/Debug/Makefile&quot;  VERBOSE=1 &quot;$file&quot;" />
            <Clean command="/usr/bin/make -f &quot;/home/karavaevitalii/Education/university-cpp-course/fall-2016/exam/persistent-set/persistent-set/Debug/Makefile&quot;  VERBOSE=1 clean" />
            <DistClean command="/usr/bin/make -f &quot;/home/karavaevitalii/Education/university-cpp-course/fall-2016/exam/persistent-set/persistent-set/Debug/Makefile&quot;  VERBOSE=1 clean" />
         </MakeCommands>
      </Target>
      <Target title="persistent-set/fast">
         <Option output="/home/karavaevitalii/Education/university-cpp-course/fall-2016/exam/persistent-set/persistent-set/Debug/persistent-set" prefix_auto="0" extension_auto="0" />
         <Option working_dir="/home/karavaevitalii/Education/university-cpp-course/fall-2016/exam/persistent-set/persistent-set/Debug" />
         <Option object_output="./" />
         <Option type="1" />
         <Option compiler="gcc" />
         <Compiler>
            <Add directory="/home/karavaevitalii/Education/university-cpp-course/fall-2016/exam/persistent-set" />
            <Add directory="/usr/include" />
            <Add directory="/usr/include/c++/5" />
            <Add directory="/usr/include/c++/5/backward" />
            <Add directory="/usr/include/x86_64-linux-gnu" />
            <Add directory="/usr/include/x86_64-linux-gnu/c++/5" />
            <Add directory="/usr/lib/gcc/x86_64-linux-gnu/5/include" />
            <Add directory="/usr/lib/gcc/x86_64-linux-gnu/5/include-fixed" />
            <Add directory="/usr/local/include" />
         </Compiler>
         <MakeCommands>
            <Build command="/usr/bin/make -f &quot;/home/karavaevitalii/Education/university-cpp-course/fall-2016/exam/persistent-set/persistent-set/Debug/Makefile&quot;  VERBOSE=1 persistent-set/fast" />
            <CompileFile command="/usr/bin/make -f &quot;/home/karavaevitalii/Education/university-cpp-course/fall-2016/exam/persistent-set/persistent-set/Debug/Makefile&quot;  VERBOSE=1 &quot;$file&quot;" />
            <Clean command="/usr/bin/make -f &quot;/home/karavaevitalii/Education/university-cpp-course/fall-2016/exam/persistent-set/persistent-set/Debug/Makefile&quot;  VERBOSE=1 clean" />
            <DistClean command="/usr/bin/make -f &quot;/home/karavaevitalii/Education/university-cpp-course/fall-2016/exam/persistent-set/persistent-set/Debug/Makefile&quot;  VERBOSE=1 clean" />
         </MakeCommands>
      </Target>
      </Build>
      <Unit filename="/home/karavaevitalii/Education/university-cpp-course/fall-2016/exam/persistent-set/main.cpp">
         <Option target="persistent-set"/>
      </Unit>
      <Unit filename="/home/karavaevitalii/Education/university-cpp-course/fall-2016/exam/persistent-set/persistent_set.cpp">
         <Option target="persistent-set"/>
      </Unit>
      <Unit filename="/home/karavaevitalii/Education/university-cpp-course/fall-2016/exam/persistent-set/persistent_set.h">
         <Option target="persistent-set"/>
      </Unit>
      <Unit filename="/home/karavaevitalii/Education/university-cpp-course/fall-2016/exam/persistent-set/CMakeLists.txt">
          <Option virtualFolder="CMake Files\" />
      </Unit>
   </Project>
</CodeBlocks_project_file>
